#MicroXplorer Configuration settings - do not modify
ADC1.Channel-0\#ChannelRegularConversion=ADC_CHANNEL_TEMPSENSOR
ADC1.ClockPrescaler=ADC_CLOCK_SYNC_PCLK_DIV4
ADC1.IPParameters=Rank-0\#ChannelRegularConversion,master,Channel-0\#ChannelRegularConversion,SamplingTime-0\#ChannelRegularConversion,NbrOfConversionFlag,Resolution,ClockPrescaler
ADC1.NbrOfConversionFlag=1
ADC1.Rank-0\#ChannelRegularConversion=1
ADC1.Resolution=ADC_RESOLUTION_12B
ADC1.SamplingTime-0\#ChannelRegularConversion=ADC_SAMPLETIME_3CYCLES
ADC1.master=1
CAN1.BS1=CAN_BS1_14TQ
CAN1.BS2=CAN_BS2_6TQ
CAN1.CalculateTimeQuantum=95.23809523809524
CAN1.IPParameters=CalculateTimeQuantum,BS1,BS2,Prescaler,NART
CAN1.NART=ENABLE
CAN1.Prescaler=4
File.Version=6
GPIO.groupedBy=Group By Peripherals
KeepUserPlacement=false
Mcu.Family=STM32F4
Mcu.IP0=ADC1
Mcu.IP1=CAN1
Mcu.IP10=TIM14
Mcu.IP11=USART1
Mcu.IP2=NVIC
Mcu.IP3=RCC
Mcu.IP4=SYS
Mcu.IP5=TIM2
Mcu.IP6=TIM3
Mcu.IP7=TIM8
Mcu.IP8=TIM11
Mcu.IP9=TIM13
Mcu.IPNb=12
Mcu.Name=STM32F446R(C-E)Tx
Mcu.Package=LQFP64
Mcu.Pin0=PC13
Mcu.Pin1=PH0-OSC_IN
Mcu.Pin10=PA7
Mcu.Pin11=PB0
Mcu.Pin12=PB1
Mcu.Pin13=PB10
Mcu.Pin14=PB14
Mcu.Pin15=PB15
Mcu.Pin16=PA9
Mcu.Pin17=PA10
Mcu.Pin18=PA13
Mcu.Pin19=PA14
Mcu.Pin2=PH1-OSC_OUT
Mcu.Pin20=PA15
Mcu.Pin21=PC11
Mcu.Pin22=PB3
Mcu.Pin23=PB5
Mcu.Pin24=PB6
Mcu.Pin25=PB8
Mcu.Pin26=PB9
Mcu.Pin27=VP_ADC1_TempSens_Input
Mcu.Pin28=VP_SYS_VS_Systick
Mcu.Pin29=VP_TIM2_VS_ClockSourceINT
Mcu.Pin3=PC1
Mcu.Pin30=VP_TIM3_VS_ClockSourceINT
Mcu.Pin31=VP_TIM8_VS_ClockSourceINT
Mcu.Pin32=VP_TIM11_VS_ClockSourceINT
Mcu.Pin33=VP_TIM13_VS_ClockSourceINT
Mcu.Pin34=VP_TIM14_VS_ClockSourceINT
Mcu.Pin4=PC2
Mcu.Pin5=PA2
Mcu.Pin6=PA3
Mcu.Pin7=PA4
Mcu.Pin8=PA5
Mcu.Pin9=PA6
Mcu.PinsNb=35
Mcu.ThirdPartyNb=0
Mcu.UserConstants=
Mcu.UserName=STM32F446RETx
MxCube.Version=5.4.0
MxDb.Version=DB.5.0.40
NVIC.BusFault_IRQn=true\:0\:0\:false\:false\:true\:false\:false
NVIC.CAN1_RX0_IRQn=true\:0\:0\:false\:false\:true\:true\:true
NVIC.CAN1_RX1_IRQn=true\:0\:0\:false\:false\:true\:true\:true
NVIC.CAN1_TX_IRQn=true\:0\:0\:false\:false\:true\:true\:true
NVIC.DebugMonitor_IRQn=true\:0\:0\:false\:false\:true\:false\:false
NVIC.EXTI15_10_IRQn=true\:0\:0\:false\:false\:true\:true\:true
NVIC.ForceEnableDMAVector=true
NVIC.HardFault_IRQn=true\:0\:0\:false\:false\:true\:false\:false
NVIC.MemoryManagement_IRQn=true\:0\:0\:false\:false\:true\:false\:false
NVIC.NonMaskableInt_IRQn=true\:0\:0\:false\:false\:true\:false\:false
NVIC.PendSV_IRQn=true\:0\:0\:false\:false\:true\:false\:false
NVIC.PriorityGroup=NVIC_PRIORITYGROUP_4
NVIC.SVCall_IRQn=true\:0\:0\:false\:false\:true\:false\:false
NVIC.SysTick_IRQn=true\:0\:0\:false\:false\:true\:false\:true
NVIC.TIM1_TRG_COM_TIM11_IRQn=true\:0\:0\:false\:false\:true\:true\:true
NVIC.TIM8_UP_TIM13_IRQn=true\:0\:0\:false\:false\:true\:true\:true
NVIC.USART1_IRQn=true\:0\:0\:false\:false\:true\:true\:true
NVIC.UsageFault_IRQn=true\:0\:0\:false\:false\:true\:false\:false
PA10.Locked=true
PA10.Mode=Asynchronous
PA10.Signal=USART1_RX
PA13.Mode=Serial_Wire
PA13.Signal=SYS_JTMS-SWDIO
PA14.Mode=Serial_Wire
PA14.Signal=SYS_JTCK-SWCLK
PA15.GPIOParameters=GPIO_PuPd,GPIO_Label
PA15.GPIO_Label=GPIO34_RPI_FAN_EN
PA15.GPIO_PuPd=GPIO_PULLDOWN
PA15.Locked=true
PA15.Signal=GPIO_Input
PA2.GPIOParameters=GPIO_Label
PA2.GPIO_Label=PI_GPIO32
PA2.Locked=true
PA2.Signal=GPIO_Input
PA3.GPIOParameters=GPIO_Label
PA3.GPIO_Label=PI_GPIO33
PA3.Locked=true
PA3.Signal=GPIO_Input
PA4.GPIOParameters=PinState,GPIO_Label
PA4.GPIO_Label=DEBUG_LED_1
PA4.Locked=true
PA4.PinState=GPIO_PIN_RESET
PA4.Signal=GPIO_Output
PA5.GPIOParameters=PinState,GPIO_Label
PA5.GPIO_Label=DEBUG_LED_2
PA5.Locked=true
PA5.PinState=GPIO_PIN_RESET
PA5.Signal=GPIO_Output
PA6.GPIOParameters=GPIO_PuPd,GPIO_Label
PA6.GPIO_Label=FORD_PWM_IN
PA6.GPIO_PuPd=GPIO_NOPULL
PA6.Locked=true
PA6.Signal=S_TIM13_CH1
PA7.GPIOParameters=GPIO_Label
PA7.GPIO_Label=BKLT_OUT
PA7.Locked=true
PA7.Signal=S_TIM14_CH1
PA9.Locked=true
PA9.Mode=Asynchronous
PA9.Signal=USART1_TX
PB0.GPIOParameters=PinState,GPIO_Label
PB0.GPIO_Label=CAN_STBY
PB0.Locked=true
PB0.PinState=GPIO_PIN_RESET
PB0.Signal=GPIO_Output
PB1.GPIOParameters=GPIO_Label
PB1.GPIO_Label=USB_EN
PB1.Locked=true
PB1.Signal=GPIO_Output
PB10.GPIOParameters=GPIO_Label
PB10.GPIO_Label=FAN_PWM
PB10.Locked=true
PB10.Signal=S_TIM2_CH3
PB14.GPIOParameters=PinState,GPIO_PuPd,GPIO_Label,GPIO_ModeDefaultOutputPP
PB14.GPIO_Label=LCD_DR_EN
PB14.GPIO_ModeDefaultOutputPP=GPIO_MODE_OUTPUT_PP
PB14.GPIO_PuPd=GPIO_PULLDOWN
PB14.Locked=true
PB14.PinState=GPIO_PIN_RESET
PB14.Signal=GPIO_Output
PB15.GPIOParameters=PinState,GPIO_PuPd,GPIO_Label,GPIO_ModeDefaultOutputPP
PB15.GPIO_Label=LCD_DR_ENR
PB15.GPIO_ModeDefaultOutputPP=GPIO_MODE_OUTPUT_PP
PB15.GPIO_PuPd=GPIO_PULLDOWN
PB15.Locked=true
PB15.PinState=GPIO_PIN_RESET
PB15.Signal=GPIO_Output
PB3.GPIOParameters=PinState,GPIO_Label,GPIO_ModeDefaultOutputPP
PB3.GPIO_Label=PI_PWR_EN
PB3.GPIO_ModeDefaultOutputPP=GPIO_MODE_OUTPUT_OD
PB3.Locked=true
PB3.PinState=GPIO_PIN_SET
PB3.Signal=GPIO_Output
PB5.GPIOParameters=GPIO_PuPd,GPIO_Label
PB5.GPIO_Label=GPIO35_RPI_BKLT
PB5.GPIO_PuPd=GPIO_PULLDOWN
PB5.Locked=true
PB5.Signal=GPIO_Input
PB6.GPIOParameters=GPIO_PuPd,GPIO_Label
PB6.GPIO_Label=PI_SHUTDOWN
PB6.GPIO_PuPd=GPIO_PULLDOWN
PB6.Locked=true
PB6.Signal=GPIO_Output
PB8.Locked=true
PB8.Mode=Master
PB8.Signal=CAN1_RX
PB9.Locked=true
PB9.Mode=Master
PB9.Signal=CAN1_TX
PC1.GPIOParameters=GPIO_Label
PC1.GPIO_Label=PWR_HOLD
PC1.Locked=true
PC1.Signal=GPIO_Output
PC11.GPIOParameters=GPIO_PuPd,GPIO_Label,GPIO_ModeDefaultEXTI
PC11.GPIO_Label=CARD_DETECT_SW
PC11.GPIO_ModeDefaultEXTI=GPIO_MODE_IT_RISING_FALLING
PC11.GPIO_PuPd=GPIO_PULLUP
PC11.Locked=true
PC11.Signal=GPXTI11
PC13.GPIOParameters=GPIO_Label
PC13.GPIO_Label=FAN_EN
PC13.Locked=true
PC13.Signal=GPIO_Output
PC2.GPIOParameters=PinState,GPIO_Label
PC2.GPIO_Label=DEBUG_LED_3
PC2.Locked=true
PC2.PinState=GPIO_PIN_RESET
PC2.Signal=GPIO_Output
PH0-OSC_IN.Locked=true
PH0-OSC_IN.Mode=HSE-External-Oscillator
PH0-OSC_IN.Signal=RCC_OSC_IN
PH1-OSC_OUT.Locked=true
PH1-OSC_OUT.Mode=HSE-External-Oscillator
PH1-OSC_OUT.Signal=RCC_OSC_OUT
PinOutPanel.RotationAngle=0
ProjectManager.AskForMigrate=false
ProjectManager.BackupPrevious=false
ProjectManager.CompilerOptimize=6
ProjectManager.ComputerToolchain=false
ProjectManager.CoupleFile=true
ProjectManager.CustomerFirmwarePackage=
ProjectManager.DefaultFWLocation=true
ProjectManager.DeletePrevious=true
ProjectManager.DeviceId=STM32F446RETx
ProjectManager.FirmwarePackage=STM32Cube FW_F4 V1.24.1
ProjectManager.FreePins=true
ProjectManager.HalAssertFull=false
ProjectManager.HeapSize=0x200
ProjectManager.KeepUserCode=true
ProjectManager.LastFirmware=true
ProjectManager.LibraryCopy=1
ProjectManager.MainLocation=Core/Src
ProjectManager.NoMain=false
ProjectManager.PreviousToolchain=STM32CubeIDE
ProjectManager.ProjectBuild=false
ProjectManager.ProjectFileName=digital-dash-firmware.ioc
ProjectManager.ProjectName=digital-dash-firmware
ProjectManager.RegisterCallBack=
ProjectManager.StackSize=0x400
ProjectManager.TargetToolchain=STM32CubeIDE
ProjectManager.ToolChainLocation=
ProjectManager.UnderRoot=true
ProjectManager.functionlistsort=1-SystemClock_Config-RCC-false-HAL-false,2-MX_GPIO_Init-GPIO-false-HAL-true,3-MX_CAN1_Init-CAN1-false-HAL-true,4-MX_TIM3_Init-TIM3-false-HAL-true,5-MX_TIM14_Init-TIM14-false-HAL-true,6-MX_USART1_UART_Init-USART1-false-HAL-true,7-MX_ADC1_Init-ADC1-false-HAL-true,8-MX_TIM2_Init-TIM2-false-HAL-true,9-MX_TIM8_Init-TIM8-false-HAL-true,10-MX_TIM13_Init-TIM13-false-HAL-true,11-MX_TIM11_Init-TIM11-false-HAL-true
RCC.AHBFreq_Value=84000000
RCC.APB1CLKDivider=RCC_HCLK_DIV2
RCC.APB1Freq_Value=42000000
RCC.APB1TimFreq_Value=84000000
RCC.APB2CLKDivider=RCC_HCLK_DIV2
RCC.APB2Freq_Value=42000000
RCC.APB2TimFreq_Value=84000000
RCC.CECFreq_Value=32786.88524590164
RCC.CortexFreq_Value=84000000
RCC.FCLKCortexFreq_Value=84000000
RCC.FMPI2C1Freq_Value=42000000
RCC.FamilyName=M
RCC.HCLKFreq_Value=84000000
RCC.HSE_VALUE=8000000
RCC.I2S1Freq_Value=48000000
RCC.I2S2Freq_Value=48000000
RCC.IPParameters=AHBFreq_Value,APB1CLKDivider,APB1Freq_Value,APB1TimFreq_Value,APB2CLKDivider,APB2Freq_Value,APB2TimFreq_Value,CECFreq_Value,CortexFreq_Value,FCLKCortexFreq_Value,FMPI2C1Freq_Value,FamilyName,HCLKFreq_Value,HSE_VALUE,I2S1Freq_Value,I2S2Freq_Value,MCO2PinFreq_Value,PLLCLKFreq_Value,PLLI2SPCLKFreq_Value,PLLI2SQCLKFreq_Value,PLLI2SRCLKFreq_Value,PLLI2SoutputFreq_Value,PLLM,PLLN,PLLQCLKFreq_Value,PLLRCLKFreq_Value,PLLSAIPCLKFreq_Value,PLLSAIQCLKFreq_Value,PLLSAIoutputFreq_Value,PLLSourceVirtual,PWRFreq_Value,SAIAFreq_Value,SAIBFreq_Value,SDIOFreq_Value,SPDIFRXFreq_Value,SYSCLKFreq_VALUE,SYSCLKSource,USBFreq_Value,VCOI2SInputFreq_Value,VCOI2SOutputFreq_Value,VCOInputFreq_Value,VCOOutputFreq_Value,VCOSAIInputFreq_Value,VCOSAIOutputFreq_Value
RCC.MCO2PinFreq_Value=84000000
RCC.PLLCLKFreq_Value=84000000
RCC.PLLI2SPCLKFreq_Value=48000000
RCC.PLLI2SQCLKFreq_Value=48000000
RCC.PLLI2SRCLKFreq_Value=48000000
RCC.PLLI2SoutputFreq_Value=48000000
RCC.PLLM=4
RCC.PLLN=84
RCC.PLLQCLKFreq_Value=84000000
RCC.PLLRCLKFreq_Value=84000000
RCC.PLLSAIPCLKFreq_Value=48000000
RCC.PLLSAIQCLKFreq_Value=48000000
RCC.PLLSAIoutputFreq_Value=48000000
RCC.PLLSourceVirtual=RCC_PLLSOURCE_HSE
RCC.PWRFreq_Value=84000000
RCC.SAIAFreq_Value=48000000
RCC.SAIBFreq_Value=48000000
RCC.SDIOFreq_Value=84000000
RCC.SPDIFRXFreq_Value=84000000
RCC.SYSCLKFreq_VALUE=84000000
RCC.SYSCLKSource=RCC_SYSCLKSOURCE_PLLCLK
RCC.USBFreq_Value=84000000
RCC.VCOI2SInputFreq_Value=500000
RCC.VCOI2SOutputFreq_Value=96000000
RCC.VCOInputFreq_Value=2000000
RCC.VCOOutputFreq_Value=168000000
RCC.VCOSAIInputFreq_Value=500000
RCC.VCOSAIOutputFreq_Value=96000000
SH.GPXTI11.0=GPIO_EXTI11
SH.GPXTI11.ConfNb=1
SH.S_TIM13_CH1.0=TIM13_CH1,Input_Capture1_from_TI1
SH.S_TIM13_CH1.ConfNb=1
SH.S_TIM14_CH1.0=TIM14_CH1,PWM Generation1 CH1
SH.S_TIM14_CH1.ConfNb=1
SH.S_TIM2_CH3.0=TIM2_CH3,PWM Generation3 CH3
SH.S_TIM2_CH3.ConfNb=1
TIM11.AutoReloadPreload=TIM_AUTORELOAD_PRELOAD_ENABLE
TIM11.IPParameters=Period,Prescaler,AutoReloadPreload
TIM11.Period=2000-1
TIM11.Prescaler=8400-1
TIM13.AutoReloadPreload=TIM_AUTORELOAD_PRELOAD_ENABLE
TIM13.Channel=TIM_CHANNEL_1
TIM13.ICPolarity_CH1=TIM_INPUTCHANNELPOLARITY_RISING
TIM13.IPParameters=Channel,AutoReloadPreload,Prescaler,Period,ICPolarity_CH1
TIM13.Period=6700-1
TIM13.Prescaler=84-1
TIM14.Channel=TIM_CHANNEL_1
TIM14.IPParameters=Channel,Prescaler,Period,Pulse
TIM14.Period=255
TIM14.Prescaler=1
TIM14.Pulse=200
TIM2.Channel-PWM\ Generation3\ CH3=TIM_CHANNEL_3
TIM2.IPParameters=Channel-PWM Generation3 CH3,Prescaler,Period,Pulse-PWM Generation3 CH3
TIM2.Period=10000-1
TIM2.Prescaler=8400-1
TIM2.Pulse-PWM\ Generation3\ CH3=2500-1
TIM3.IPParameters=Prescaler
TIM3.Prescaler=45
TIM8.IPParameters=Prescaler,Period,RepetitionCounter
TIM8.Period=10000-1
TIM8.Prescaler=8400-1
TIM8.RepetitionCounter=15
USART1.BaudRate=57600
USART1.IPParameters=VirtualMode,BaudRate
USART1.VirtualMode=VM_ASYNC
VP_ADC1_TempSens_Input.Mode=IN-TempSens
VP_ADC1_TempSens_Input.Signal=ADC1_TempSens_Input
VP_SYS_VS_Systick.Mode=SysTick
VP_SYS_VS_Systick.Signal=SYS_VS_Systick
VP_TIM11_VS_ClockSourceINT.Mode=Enable_Timer
VP_TIM11_VS_ClockSourceINT.Signal=TIM11_VS_ClockSourceINT
VP_TIM13_VS_ClockSourceINT.Mode=Enable_Timer
VP_TIM13_VS_ClockSourceINT.Signal=TIM13_VS_ClockSourceINT
VP_TIM14_VS_ClockSourceINT.Mode=Enable_Timer
VP_TIM14_VS_ClockSourceINT.Signal=TIM14_VS_ClockSourceINT
VP_TIM2_VS_ClockSourceINT.Mode=Internal
VP_TIM2_VS_ClockSourceINT.Signal=TIM2_VS_ClockSourceINT
VP_TIM3_VS_ClockSourceINT.Mode=Internal
VP_TIM3_VS_ClockSourceINT.Signal=TIM3_VS_ClockSourceINT
VP_TIM8_VS_ClockSourceINT.Mode=Internal
VP_TIM8_VS_ClockSourceINT.Signal=TIM8_VS_ClockSourceINT
board=custom
